// !$*UTF8*$!
{
	archiveVersion = 1;
	classes = {
	};
	objectVersion = 46;
	objects = {

/* Begin PBXBuildFile section */
		97324D621DE88AE30014F53E /* AppDelegate.swift in Sources */ = {isa = PBXBuildFile; fileRef = 97324D611DE88AE30014F53E /* AppDelegate.swift */; };
		97324D641DE88AE30014F53E /* ViewController.swift in Sources */ = {isa = PBXBuildFile; fileRef = 97324D631DE88AE30014F53E /* ViewController.swift */; };
		97324D671DE88AE30014F53E /* Main.storyboard in Resources */ = {isa = PBXBuildFile; fileRef = 97324D651DE88AE30014F53E /* Main.storyboard */; };
		97324D6A1DE88AE30014F53E /* KeyShopperCollector.xcdatamodeld in Sources */ = {isa = PBXBuildFile; fileRef = 97324D681DE88AE30014F53E /* KeyShopperCollector.xcdatamodeld */; };
		97324D6C1DE88AE30014F53E /* Assets.xcassets in Resources */ = {isa = PBXBuildFile; fileRef = 97324D6B1DE88AE30014F53E /* Assets.xcassets */; };
		97324D6F1DE88AE30014F53E /* LaunchScreen.storyboard in Resources */ = {isa = PBXBuildFile; fileRef = 97324D6D1DE88AE30014F53E /* LaunchScreen.storyboard */; };
		97324D771DE88FDF0014F53E /* groceries.jpg in Resources */ = {isa = PBXBuildFile; fileRef = 97324D761DE88FDF0014F53E /* groceries.jpg */; };
		97324D7A1DE890E20014F53E /* ItemViewController.swift in Sources */ = {isa = PBXBuildFile; fileRef = 97324D791DE890E20014F53E /* ItemViewController.swift */; };
/* End PBXBuildFile section */

/* Begin PBXFileReference section */
		97324D5E1DE88AE30014F53E /* KeyShopperCollector.app */ = {isa = PBXFileReference; explicitFileType = wrapper.application; includeInIndex = 0; path = KeyShopperCollector.app; sourceTree = BUILT_PRODUCTS_DIR; };
		97324D611DE88AE30014F53E /* AppDelegate.swift */ = {isa = PBXFileReference; lastKnownFileType = sourcecode.swift; path = AppDelegate.swift; sourceTree = "<group>"; };
		97324D631DE88AE30014F53E /* ViewController.swift */ = {isa = PBXFileReference; lastKnownFileType = sourcecode.swift; path = ViewController.swift; sourceTree = "<group>"; };
		97324D661DE88AE30014F53E /* Base */ = {isa = PBXFileReference; lastKnownFileType = file.storyboard; name = Base; path = Base.lproj/Main.storyboard; sourceTree = "<group>"; };
		97324D691DE88AE30014F53E /* KeyShopperCollector.xcdatamodel */ = {isa = PBXFileReference; lastKnownFileType = wrapper.xcdatamodel; path = KeyShopperCollector.xcdatamodel; sourceTree = "<group>"; };
		97324D6B1DE88AE30014F53E /* Assets.xcassets */ = {isa = PBXFileReference; lastKnownFileType = folder.assetcatalog; path = Assets.xcassets; sourceTree = "<group>"; };
		97324D6E1DE88AE30014F53E /* Base */ = {isa = PBXFileReference; lastKnownFileType = file.storyboard; name = Base; path = Base.lproj/LaunchScreen.storyboard; sourceTree = "<group>"; };
		97324D701DE88AE30014F53E /* Info.plist */ = {isa = PBXFileReference; lastKnownFileType = text.plist.xml; path = Info.plist; sourceTree = "<group>"; };
		97324D761DE88FDF0014F53E /* groceries.jpg */ = {isa = PBXFileReference; lastKnownFileType = image.jpeg; path = groceries.jpg; sourceTree = "<group>"; };
		97324D791DE890E20014F53E /* ItemViewController.swift */ = {isa = PBXFileReference; fileEncoding = 4; lastKnownFileType = sourcecode.swift; path = ItemViewController.swift; sourceTree = "<group>"; };
/* End PBXFileReference section */

/* Begin PBXFrameworksBuildPhase section */
		97324D5B1DE88AE30014F53E /* Frameworks */ = {
			isa = PBXFrameworksBuildPhase;
			buildActionMask = 2147483647;
			files = (
			);
			runOnlyForDeploymentPostprocessing = 0;
		};
/* End PBXFrameworksBuildPhase section */

/* Begin PBXGroup section */
		97324D551DE88AE30014F53E = {
			isa = PBXGroup;
			children = (
				97324D601DE88AE30014F53E /* KeyShopperCollector */,
				97324D5F1DE88AE30014F53E /* Products */,
			);
			sourceTree = "<group>";
		};
		97324D5F1DE88AE30014F53E /* Products */ = {
			isa = PBXGroup;
			children = (
				97324D5E1DE88AE30014F53E /* KeyShopperCollector.app */,
			);
			name = Products;
			sourceTree = "<group>";
		};
		97324D601DE88AE30014F53E /* KeyShopperCollector */ = {
			isa = PBXGroup;
			children = (
				97324D7B1DE890E80014F53E /* Controllers */,
				97324D781DE88FE70014F53E /* Images */,
				97324D611DE88AE30014F53E /* AppDelegate.swift */,
				97324D651DE88AE30014F53E /* Main.storyboard */,
				97324D6B1DE88AE30014F53E /* Assets.xcassets */,
				97324D6D1DE88AE30014F53E /* LaunchScreen.storyboard */,
				97324D701DE88AE30014F53E /* Info.plist */,
				97324D681DE88AE30014F53E /* KeyShopperCollector.xcdatamodeld */,
			);
			path = KeyShopperCollector;
			sourceTree = "<group>";
		};
		97324D781DE88FE70014F53E /* Images */ = {
			isa = PBXGroup;
			children = (
				97324D761DE88FDF0014F53E /* groceries.jpg */,
			);
			name = Images;
			sourceTree = "<group>";
		};
		97324D7B1DE890E80014F53E /* Controllers */ = {
			isa = PBXGroup;
			children = (
				97324D631DE88AE30014F53E /* ViewController.swift */,
				97324D791DE890E20014F53E /* ItemViewController.swift */,
			);
			name = Controllers;
			sourceTree = "<group>";
		};
/* End PBXGroup section */

/* Begin PBXNativeTarget section */
		97324D5D1DE88AE30014F53E /* KeyShopperCollector */ = {
			isa = PBXNativeTarget;
			buildConfigurationList = 97324D731DE88AE30014F53E /* Build configuration list for PBXNativeTarget "KeyShopperCollector" */;
			buildPhases = (
				97324D5A1DE88AE30014F53E /* Sources */,
				97324D5B1DE88AE30014F53E /* Frameworks */,
				97324D5C1DE88AE30014F53E /* Resources */,
			);
			buildRules = (
			);
			dependencies = (
			);
			name = KeyShopperCollector;
			productName = KeyShopperCollector;
			productReference = 97324D5E1DE88AE30014F53E /* KeyShopperCollector.app */;
			productType = "com.apple.product-type.application";
		};
/* End PBXNativeTarget section */

/* Begin PBXProject section */
		97324D561DE88AE30014F53E /* Project object */ = {
			isa = PBXProject;
			attributes = {
				LastSwiftUpdateCheck = 0810;
				LastUpgradeCheck = 0810;
				ORGANIZATIONNAME = "Jay P. Hayes";
				TargetAttributes = {
					97324D5D1DE88AE30014F53E = {
						CreatedOnToolsVersion = 8.1;
						DevelopmentTeam = F388524QXT;
						ProvisioningStyle = Automatic;
					};
				};
			};
			buildConfigurationList = 97324D591DE88AE30014F53E /* Build configuration list for PBXProject "KeyShopperCollector" */;
			compatibilityVersion = "Xcode 3.2";
			developmentRegion = English;
			hasScannedForEncodings = 0;
			knownRegions = (
				en,
				Base,
			);
			mainGroup = 97324D551DE88AE30014F53E;
			productRefGroup = 97324D5F1DE88AE30014F53E /* Products */;
			projectDirPath = "";
			projectRoot = "";
			targets = (
				97324D5D1DE88AE30014F53E /* KeyShopperCollector */,
			);
		};
/* End PBXProject section */

/* Begin PBXResourcesBuildPhase section */
		97324D5C1DE88AE30014F53E /* Resources */ = {
			isa = PBXResourcesBuildPhase;
			buildActionMask = 2147483647;
			files = (
				97324D6F1DE88AE30014F53E /* LaunchScreen.storyboard in Resources */,
				97324D6C1DE88AE30014F53E /* Assets.xcassets in Resources */,
				97324D671DE88AE30014F53E /* Main.storyboard in Resources */,
				97324D771DE88FDF0014F53E /* groceries.jpg in Resources */,
			);
			runOnlyForDeploymentPostprocessing = 0;
		};
/* End PBXResourcesBuildPhase section */

/* Begin PBXSourcesBuildPhase section */
		97324D5A1DE88AE30014F53E /* Sources */ = {
			isa = PBXSourcesBuildPhase;
			buildActionMask = 2147483647;
			files = (
				97324D641DE88AE30014F53E /* ViewController.swift in Sources */,
				97324D7A1DE890E20014F53E /* ItemViewController.swift in Sources */,
				97324D6A1DE88AE30014F53E /* KeyShopperCollector.xcdatamodeld in Sources */,
				97324D621DE88AE30014F53E /* AppDelegate.swift in Sources */,
			);
			runOnlyForDeploymentPostprocessing = 0;
		};
/* End PBXSourcesBuildPhase section */

/* Begin PBXVariantGroup section */
		97324D651DE88AE30014F53E /* Main.storyboard */ = {
			isa = PBXVariantGroup;
			children = (
				97324D661DE88AE30014F53E /* Base */,
			);
			name = Main.storyboard;
			sourceTree = "<group>";
		};
		97324D6D1DE88AE30014F53E /* LaunchScreen.storyboard */ = {
			isa = PBXVariantGroup;
			children = (
				97324D6E1DE88AE30014F53E /* Base */,
			);
			name = LaunchScreen.storyboard;
			sourceTree = "<group>";
		};
/* End PBXVariantGroup section */

/* Begin XCBuildConfiguration section */
		97324D711DE88AE30014F53E /* Debug */ = {
			isa = XCBuildConfiguration;
			buildSettings = {
				ALWAYS_SEARCH_USER_PATHS = NO;
				CLANG_ANALYZER_NONNULL = YES;
				CLANG_CXX_LANGUAGE_STANDARD = "gnu++0x";
				CLANG_CXX_LIBRARY = "libc++";
				CLANG_ENABLE_MODULES = YES;
				CLANG_ENABLE_OBJC_ARC = YES;
				CLANG_WARN_BOOL_CONVERSION = YES;
				CLANG_WARN_CONSTANT_CONVERSION = YES;
				CLANG_WARN_DIRECT_OBJC_ISA_USAGE = YES_ERROR;
				CLANG_WARN_DOCUMENTATION_COMMENTS = YES;
				CLANG_WARN_EMPTY_BODY = YES;
				CLANG_WARN_ENUM_CONVERSION = YES;
				CLANG_WARN_INFINITE_RECURSION = YES;
				CLANG_WARN_INT_CONVERSION = YES;
				CLANG_WARN_OBJC_ROOT_CLASS = YES_ERROR;
				CLANG_WARN_SUSPICIOUS_MOVES = YES;
				CLANG_WARN_UNREACHABLE_CODE = YES;
				CLANG_WARN__DUPLICATE_METHOD_MATCH = YES;
				"CODE_SIGN_IDENTITY[sdk=iphoneos*]" = "iPhone Developer";
				COPY_PHASE_STRIP = NO;
				DEBUG_INFORMATION_FORMAT = dwarf;
				ENABLE_STRICT_OBJC_MSGSEND = YES;
				ENABLE_TESTABILITY = YES;
				GCC_C_LANGUAGE_STANDARD = gnu99;
				GCC_DYNAMIC_NO_PIC = NO;
				GCC_NO_COMMON_BLOCKS = YES;
				GCC_OPTIMIZATION_LEVEL = 0;
				GCC_PREPROCESSOR_DEFINITIONS = (
					"DEBUG=1",
					"$(inherited)",
				);
				GCC_WARN_64_TO_32_BIT_CONVERSION = YES;
				GCC_WARN_ABOUT_RETURN_TYPE = YES_ERROR;
				GCC_WARN_UNDECLARED_SELECTOR = YES;
				GCC_WARN_UNINITIALIZED_AUTOS = YES_AGGRESSIVE;
				GCC_WARN_UNUSED_FUNCTION = YES;
				GCC_WARN_UNUSED_VARIABLE = YES;
				IPHONEOS_DEPLOYMENT_TARGET = 10.1;
				MTL_ENABLE_DEBUG_INFO = YES;
				ONLY_ACTIVE_ARCH = YES;
				SDKROOT = iphoneos;
				SWIFT_ACTIVE_COMPILATION_CONDITIONS = DEBUG;
				SWIFT_OPTIMIZATION_LEVEL = "-Onone";
				TARGETED_DEVICE_FAMILY = "1,2";
			};
			name = Debug;
		};
		97324D721DE88AE30014F53E /* Release */ = {
			isa = XCBuildConfiguration;
			buildSettings = {
				ALWAYS_SEARCH_USER_PATHS = NO;
				CLANG_ANALYZER_NONNULL = YES;
				CLANG_CXX_LANGUAGE_STANDARD = "gnu++0x";
				CLANG_CXX_LIBRARY = "libc++";
				CLANG_ENABLE_MODULES = YES;
				CLANG_ENABLE_OBJC_ARC = YES;
				CLANG_WARN_BOOL_CONVERSION = YES;
				CLANG_WARN_CONSTANT_CONVERSION = YES;
				CLANG_WARN_DIRECT_OBJC_ISA_USAGE = YES_ERROR;
				CLANG_WARN_DOCUMENTATION_COMMENTS = YES;
				CLANG_WARN_EMPTY_BODY = YES;
				CLANG_WARN_ENUM_CONVERSION = YES;
				CLANG_WARN_INFINITE_RECURSION = YES;
				CLANG_WARN_INT_CONVERSION = YES;
				CLANG_WARN_OBJC_ROOT_CLASS = YES_ERROR;
				CLANG_WARN_SUSPICIOUS_MOVES = YES;
				CLANG_WARN_UNREACHABLE_CODE = YES;
				CLANG_WARN__DUPLICATE_METHOD_MATCH = YES;
				"CODE_SIGN_IDENTITY[sdk=iphoneos*]" = "iPhone Developer";
				COPY_PHASE_STRIP = NO;
				DEBUG_INFORMATION_FORMAT = "dwarf-with-dsym";
				ENABLE_NS_ASSERTIONS = NO;
				ENABLE_STRICT_OBJC_MSGSEND = YES;
				GCC_C_LANGUAGE_STANDARD = gnu99;
				GCC_NO_COMMON_BLOCKS = YES;
				GCC_WARN_64_TO_32_BIT_CONVERSION = YES;
				GCC_WARN_ABOUT_RETURN_TYPE = YES_ERROR;
				GCC_WARN_UNDECLARED_SELECTOR = YES;
				GCC_WARN_UNINITIALIZED_AUTOS = YES_AGGRESSIVE;
				GCC_WARN_UNUSED_FUNCTION = YES;
				GCC_WARN_UNUSED_VARIABLE = YES;
				IPHONEOS_DEPLOYMENT_TARGET = 10.1;
				MTL_ENABLE_DEBUG_INFO = NO;
				SDKROOT = iphoneos;
				SWIFT_OPTIMIZATION_LEVEL = "-Owholemodule";
				TARGETED_DEVICE_FAMILY = "1,2";
				VALIDATE_PRODUCT = YES;
			};
			name = Release;
		};
		97324D741DE88AE30014F53E /* Debug */ = {
			isa = XCBuildConfiguration;
			buildSettings = {
				ASSETCATALOG_COMPILER_APPICON_NAME = AppIcon;
				DEVELOPMENT_TEAM = F388524QXT;
				INFOPLIST_FILE = KeyShopperCollector/Info.plist;
				LD_RUNPATH_SEARCH_PATHS = "$(inherited) @executable_path/Frameworks";
				PRODUCT_BUNDLE_IDENTIFIER = Com.JayP.KeyShopperCollector;
				PRODUCT_NAME = "$(TARGET_NAME)";
				SWIFT_VERSION = 3.0;
			};
			name = Debug;
		};
		97324D751DE88AE30014F53E /* Release */ = {
			isa = XCBuildConfiguration;
			buildSettings = {
				ASSETCATALOG_COMPILER_APPICON_NAME = AppIcon;
				DEVELOPMENT_TEAM = F388524QXT;
				INFOPLIST_FILE = KeyShopperCollector/Info.plist;
				LD_RUNPATH_SEARCH_PATHS = "$(inherited) @executable_path/Frameworks";
				PRODUCT_BUNDLE_IDENTIFIER = Com.JayP.KeyShopperCollector;
				PRODUCT_NAME = "$(TARGET_NAME)";
				SWIFT_VERSION = 3.0;
			};
			name = Release;
		};
/* End XCBuildConfiguration section */

/* Begin XCConfigurationList section */
		97324D591DE88AE30014F53E /* Build configuration list for PBXProject "KeyShopperCollector" */ = {
			isa = XCConfigurationList;
			buildConfigurations = (
				97324D711DE88AE30014F53E /* Debug */,
				97324D721DE88AE30014F53E /* Release */,
			);
			defaultConfigurationIsVisible = 0;
			defaultConfigurationName = Release;
		};
		97324D731DE88AE30014F53E /* Build configuration list for PBXNativeTarget "KeyShopperCollector" */ = {
			isa = XCConfigurationList;
			buildConfigurations = (
				97324D741DE88AE30014F53E /* Debug */,
				97324D751DE88AE30014F53E /* Release */,
			);
			defaultConfigurationIsVisible = 0;
		};
/* End XCConfigurationList section */

/* Begin XCVersionGroup section */
		97324D681DE88AE30014F53E /* KeyShopperCollector.xcdatamodeld */ = {
			isa = XCVersionGroup;
			children = (
				97324D691DE88AE30014F53E /* KeyShopperCollector.xcdatamodel */,
			);
			currentVersion = 97324D691DE88AE30014F53E /* KeyShopperCollector.xcdatamodel */;
			path = KeyShopperCollector.xcdatamodeld;
			sourceTree = "<group>";
			versionGroupType = wrapper.xcdatamodel;
		};
/* End XCVersionGroup section */
	};
	rootObject = 97324D561DE88AE30014F53E /* Project object */;
}
